
Microsoft Visual Studio Solution File, Format Version 12.00
# Visual Studio 15
VisualStudioVersion = 15.0.26124.0
MinimumVisualStudioVersion = 15.0.26124.0
Project("{2150E333-8FDC-42A3-9474-1A3956D46DE8}") = "Api", "Api", "{42CEFB10-69FF-11EB-BEC9-2359DE4CCBCE}"
EndProject
Project("{FAE04EC0-301F-11D3-BF4B-00C04F79EFBC}") = "Upload.Image.Api", "Upload.Image.Api\Upload.Image.Api.csproj", "{2082C493-9568-4F0A-AA5B-B61E7E503A31}"
EndProject
Project("{2150E333-8FDC-42A3-9474-1A3956D46DE8}") = "Test", "Test", "{F010D630-6B90-11EB-AAC1-47B00824A221}"
EndProject
Project("{FAE04EC0-301F-11D3-BF4B-00C04F79EFBC}") = "Upload.Image.Test.Unit", "Upload.Image.Test.Unit\Upload.Image.Test.Unit.csproj", "{680F89F6-3E3B-4F89-BDC6-4957C896708A}"
EndProject
Project("{FAE04EC0-301F-11D3-BF4B-00C04F79EFBC}") = "Upload.Image.Test.Integration", "Upload.Image.Test.Integration\Upload.Image.Test.Integration.csproj", "{60F7F8DB-3508-4F01-9CA3-634EFFBB1D5F}"
EndProject
Global
	GlobalSection(SolutionConfigurationPlatforms) = preSolution
		Debug|Any CPU = Debug|Any CPU
		Debug|x64 = Debug|x64
		Debug|x86 = Debug|x86
		Release|Any CPU = Release|Any CPU
		Release|x64 = Release|x64
		Release|x86 = Release|x86
	EndGlobalSection
	GlobalSection(SolutionProperties) = preSolution
		HideSolutionNode = FALSE
	EndGlobalSection
	GlobalSection(ProjectConfigurationPlatforms) = postSolution
		{2082C493-9568-4F0A-AA5B-B61E7E503A31}.Debug|Any CPU.ActiveCfg = Debug|Any CPU
		{2082C493-9568-4F0A-AA5B-B61E7E503A31}.Debug|Any CPU.Build.0 = Debug|Any CPU
		{2082C493-9568-4F0A-AA5B-B61E7E503A31}.Debug|x64.ActiveCfg = Debug|Any CPU
		{2082C493-9568-4F0A-AA5B-B61E7E503A31}.Debug|x64.Build.0 = Debug|Any CPU
		{2082C493-9568-4F0A-AA5B-B61E7E503A31}.Debug|x86.ActiveCfg = Debug|Any CPU
		{2082C493-9568-4F0A-AA5B-B61E7E503A31}.Debug|x86.Build.0 = Debug|Any CPU
		{2082C493-9568-4F0A-AA5B-B61E7E503A31}.Release|Any CPU.ActiveCfg = Release|Any CPU
		{2082C493-9568-4F0A-AA5B-B61E7E503A31}.Release|Any CPU.Build.0 = Release|Any CPU
		{2082C493-9568-4F0A-AA5B-B61E7E503A31}.Release|x64.ActiveCfg = Release|Any CPU
		{2082C493-9568-4F0A-AA5B-B61E7E503A31}.Release|x64.Build.0 = Release|Any CPU
		{2082C493-9568-4F0A-AA5B-B61E7E503A31}.Release|x86.ActiveCfg = Release|Any CPU
		{2082C493-9568-4F0A-AA5B-B61E7E503A31}.Release|x86.Build.0 = Release|Any CPU
		{680F89F6-3E3B-4F89-BDC6-4957C896708A}.Debug|Any CPU.ActiveCfg = Debug|Any CPU
		{680F89F6-3E3B-4F89-BDC6-4957C896708A}.Debug|Any CPU.Build.0 = Debug|Any CPU
		{680F89F6-3E3B-4F89-BDC6-4957C896708A}.Debug|x64.ActiveCfg = Debug|Any CPU
		{680F89F6-3E3B-4F89-BDC6-4957C896708A}.Debug|x64.Build.0 = Debug|Any CPU
		{680F89F6-3E3B-4F89-BDC6-4957C896708A}.Debug|x86.ActiveCfg = Debug|Any CPU
		{680F89F6-3E3B-4F89-BDC6-4957C896708A}.Debug|x86.Build.0 = Debug|Any CPU
		{680F89F6-3E3B-4F89-BDC6-4957C896708A}.Release|Any CPU.ActiveCfg = Release|Any CPU
		{680F89F6-3E3B-4F89-BDC6-4957C896708A}.Release|Any CPU.Build.0 = Release|Any CPU
		{680F89F6-3E3B-4F89-BDC6-4957C896708A}.Release|x64.ActiveCfg = Release|Any CPU
		{680F89F6-3E3B-4F89-BDC6-4957C896708A}.Release|x64.Build.0 = Release|Any CPU
		{680F89F6-3E3B-4F89-BDC6-4957C896708A}.Release|x86.ActiveCfg = Release|Any CPU
		{680F89F6-3E3B-4F89-BDC6-4957C896708A}.Release|x86.Build.0 = Release|Any CPU
		{60F7F8DB-3508-4F01-9CA3-634EFFBB1D5F}.Debug|Any CPU.ActiveCfg = Debug|Any CPU
		{60F7F8DB-3508-4F01-9CA3-634EFFBB1D5F}.Debug|Any CPU.Build.0 = Debug|Any CPU
		{60F7F8DB-3508-4F01-9CA3-634EFFBB1D5F}.Debug|x64.ActiveCfg = Debug|Any CPU
		{60F7F8DB-3508-4F01-9CA3-634EFFBB1D5F}.Debug|x64.Build.0 = Debug|Any CPU
		{60F7F8DB-3508-4F01-9CA3-634EFFBB1D5F}.Debug|x86.ActiveCfg = Debug|Any CPU
		{60F7F8DB-3508-4F01-9CA3-634EFFBB1D5F}.Debug|x86.Build.0 = Debug|Any CPU
		{60F7F8DB-3508-4F01-9CA3-634EFFBB1D5F}.Release|Any CPU.ActiveCfg = Release|Any CPU
		{60F7F8DB-3508-4F01-9CA3-634EFFBB1D5F}.Release|Any CPU.Build.0 = Release|Any CPU
		{60F7F8DB-3508-4F01-9CA3-634EFFBB1D5F}.Release|x64.ActiveCfg = Release|Any CPU
		{60F7F8DB-3508-4F01-9CA3-634EFFBB1D5F}.Release|x64.Build.0 = Release|Any CPU
		{60F7F8DB-3508-4F01-9CA3-634EFFBB1D5F}.Release|x86.ActiveCfg = Release|Any CPU
		{60F7F8DB-3508-4F01-9CA3-634EFFBB1D5F}.Release|x86.Build.0 = Release|Any CPU
	EndGlobalSection
	GlobalSection(NestedProjects) = preSolution
		{60F7F8DB-3508-4F01-9CA3-634EFFBB1D5F} = {F010D630-6B90-11EB-AAC1-47B00824A221}
		{680F89F6-3E3B-4F89-BDC6-4957C896708A} = {F010D630-6B90-11EB-AAC1-47B00824A221}
		{2082C493-9568-4F0A-AA5B-B61E7E503A31} = {42CEFB10-69FF-11EB-BEC9-2359DE4CCBCE}
	EndGlobalSection
EndGlobal
